// !$*UTF8*$!
{
	archiveVersion = 1;
	classes = {
	};
	objectVersion = 50;
	objects = {

/* Begin PBXBuildFile section */
		6C09383D27C6FB1A004B161C /* AppDelegate.swift in Sources */ = {isa = PBXBuildFile; fileRef = 6C09383C27C6FB1A004B161C /* AppDelegate.swift */; };
		6C09383F27C6FB1A004B161C /* SceneDelegate.swift in Sources */ = {isa = PBXBuildFile; fileRef = 6C09383E27C6FB1A004B161C /* SceneDelegate.swift */; };
		6C09384127C6FB1A004B161C /* ViewController.swift in Sources */ = {isa = PBXBuildFile; fileRef = 6C09384027C6FB1A004B161C /* ViewController.swift */; };
		6C09384427C6FB1A004B161C /* Main.storyboard in Resources */ = {isa = PBXBuildFile; fileRef = 6C09384227C6FB1A004B161C /* Main.storyboard */; };
		6C09384627C6FB1D004B161C /* Assets.xcassets in Resources */ = {isa = PBXBuildFile; fileRef = 6C09384527C6FB1D004B161C /* Assets.xcassets */; };
		6C09384927C6FB1D004B161C /* LaunchScreen.storyboard in Resources */ = {isa = PBXBuildFile; fileRef = 6C09384727C6FB1D004B161C /* LaunchScreen.storyboard */; };
		6C18AAF027C7068500057F6C /* TableViewController.swift in Sources */ = {isa = PBXBuildFile; fileRef = 6C18AAEF27C7068500057F6C /* TableViewController.swift */; };
		6C3E1FCB27C79E4200CA53DE /* FMDatabase.m in Sources */ = {isa = PBXBuildFile; fileRef = 6C3E1FC027C79E4100CA53DE /* FMDatabase.m */; };
		6C3E1FCC27C79E4200CA53DE /* FMDatabaseAdditions.m in Sources */ = {isa = PBXBuildFile; fileRef = 6C3E1FC227C79E4200CA53DE /* FMDatabaseAdditions.m */; };
		6C3E1FCD27C79E4200CA53DE /* FMResultSet.m in Sources */ = {isa = PBXBuildFile; fileRef = 6C3E1FC527C79E4200CA53DE /* FMResultSet.m */; };
		6C3E1FCE27C79E4200CA53DE /* FMDatabasePool.m in Sources */ = {isa = PBXBuildFile; fileRef = 6C3E1FC727C79E4200CA53DE /* FMDatabasePool.m */; };
		6C3E1FCF27C79E4200CA53DE /* FMDatabaseQueue.m in Sources */ = {isa = PBXBuildFile; fileRef = 6C3E1FCA27C79E4200CA53DE /* FMDatabaseQueue.m */; };
		6C3E1FD227C79E7B00CA53DE /* students2.db in Resources */ = {isa = PBXBuildFile; fileRef = 6C3E1FD127C79E7B00CA53DE /* students2.db */; };
		6C3E1FD627C79ED700CA53DE /* libsqlite3.tbd in Frameworks */ = {isa = PBXBuildFile; fileRef = 6C3E1FD527C79ED700CA53DE /* libsqlite3.tbd */; };
/* End PBXBuildFile section */

/* Begin PBXFileReference section */
		6C09383927C6FB1A004B161C /* CollegeTableViewDB.app */ = {isa = PBXFileReference; explicitFileType = wrapper.application; includeInIndex = 0; path = CollegeTableViewDB.app; sourceTree = BUILT_PRODUCTS_DIR; };
		6C09383C27C6FB1A004B161C /* AppDelegate.swift */ = {isa = PBXFileReference; lastKnownFileType = sourcecode.swift; path = AppDelegate.swift; sourceTree = "<group>"; };
		6C09383E27C6FB1A004B161C /* SceneDelegate.swift */ = {isa = PBXFileReference; lastKnownFileType = sourcecode.swift; path = SceneDelegate.swift; sourceTree = "<group>"; };
		6C09384027C6FB1A004B161C /* ViewController.swift */ = {isa = PBXFileReference; lastKnownFileType = sourcecode.swift; path = ViewController.swift; sourceTree = "<group>"; };
		6C09384327C6FB1A004B161C /* Base */ = {isa = PBXFileReference; lastKnownFileType = file.storyboard; name = Base; path = Base.lproj/Main.storyboard; sourceTree = "<group>"; };
		6C09384527C6FB1D004B161C /* Assets.xcassets */ = {isa = PBXFileReference; lastKnownFileType = folder.assetcatalog; path = Assets.xcassets; sourceTree = "<group>"; };
		6C09384827C6FB1D004B161C /* Base */ = {isa = PBXFileReference; lastKnownFileType = file.storyboard; name = Base; path = Base.lproj/LaunchScreen.storyboard; sourceTree = "<group>"; };
		6C09384A27C6FB1D004B161C /* Info.plist */ = {isa = PBXFileReference; lastKnownFileType = text.plist.xml; path = Info.plist; sourceTree = "<group>"; };
		6C18AAEF27C7068500057F6C /* TableViewController.swift */ = {isa = PBXFileReference; lastKnownFileType = sourcecode.swift; path = TableViewController.swift; sourceTree = "<group>"; };
		6C3E1FBF27C79E4100CA53DE /* CollegeTableViewDB-Bridging-Header.h */ = {isa = PBXFileReference; lastKnownFileType = sourcecode.c.h; path = "CollegeTableViewDB-Bridging-Header.h"; sourceTree = "<group>"; };
		6C3E1FC027C79E4100CA53DE /* FMDatabase.m */ = {isa = PBXFileReference; fileEncoding = 4; lastKnownFileType = sourcecode.c.objc; path = FMDatabase.m; sourceTree = "<group>"; };
		6C3E1FC127C79E4200CA53DE /* FMDatabaseAdditions.h */ = {isa = PBXFileReference; fileEncoding = 4; lastKnownFileType = sourcecode.c.h; path = FMDatabaseAdditions.h; sourceTree = "<group>"; };
		6C3E1FC227C79E4200CA53DE /* FMDatabaseAdditions.m */ = {isa = PBXFileReference; fileEncoding = 4; lastKnownFileType = sourcecode.c.objc; path = FMDatabaseAdditions.m; sourceTree = "<group>"; };
		6C3E1FC327C79E4200CA53DE /* FMDB.h */ = {isa = PBXFileReference; fileEncoding = 4; lastKnownFileType = sourcecode.c.h; path = FMDB.h; sourceTree = "<group>"; };
		6C3E1FC427C79E4200CA53DE /* FMResultSet.h */ = {isa = PBXFileReference; fileEncoding = 4; lastKnownFileType = sourcecode.c.h; path = FMResultSet.h; sourceTree = "<group>"; };
		6C3E1FC527C79E4200CA53DE /* FMResultSet.m */ = {isa = PBXFileReference; fileEncoding = 4; lastKnownFileType = sourcecode.c.objc; path = FMResultSet.m; sourceTree = "<group>"; };
		6C3E1FC627C79E4200CA53DE /* FMDatabasePool.h */ = {isa = PBXFileReference; fileEncoding = 4; lastKnownFileType = sourcecode.c.h; path = FMDatabasePool.h; sourceTree = "<group>"; };
		6C3E1FC727C79E4200CA53DE /* FMDatabasePool.m */ = {isa = PBXFileReference; fileEncoding = 4; lastKnownFileType = sourcecode.c.objc; path = FMDatabasePool.m; sourceTree = "<group>"; };
		6C3E1FC827C79E4200CA53DE /* FMDatabase.h */ = {isa = PBXFileReference; fileEncoding = 4; lastKnownFileType = sourcecode.c.h; path = FMDatabase.h; sourceTree = "<group>"; };
		6C3E1FC927C79E4200CA53DE /* FMDatabaseQueue.h */ = {isa = PBXFileReference; fileEncoding = 4; lastKnownFileType = sourcecode.c.h; path = FMDatabaseQueue.h; sourceTree = "<group>"; };
		6C3E1FCA27C79E4200CA53DE /* FMDatabaseQueue.m */ = {isa = PBXFileReference; fileEncoding = 4; lastKnownFileType = sourcecode.c.objc; path = FMDatabaseQueue.m; sourceTree = "<group>"; };
		6C3E1FD127C79E7B00CA53DE /* students2.db */ = {isa = PBXFileReference; lastKnownFileType = text; path = students2.db; sourceTree = "<group>"; };
		6C3E1FD527C79ED700CA53DE /* libsqlite3.tbd */ = {isa = PBXFileReference; lastKnownFileType = "sourcecode.text-based-dylib-definition"; name = libsqlite3.tbd; path = usr/lib/libsqlite3.tbd; sourceTree = SDKROOT; };
/* End PBXFileReference section */

/* Begin PBXFrameworksBuildPhase section */
		6C09383627C6FB1A004B161C /* Frameworks */ = {
			isa = PBXFrameworksBuildPhase;
			buildActionMask = 2147483647;
			files = (
				6C3E1FD627C79ED700CA53DE /* libsqlite3.tbd in Frameworks */,
			);
			runOnlyForDeploymentPostprocessing = 0;
		};
/* End PBXFrameworksBuildPhase section */

/* Begin PBXGroup section */
		6C09383027C6FB19004B161C = {
			isa = PBXGroup;
			children = (
				6C09383B27C6FB1A004B161C /* CollegeTableViewDB */,
				6C09383A27C6FB1A004B161C /* Products */,
				6C3E1FD427C79ED700CA53DE /* Frameworks */,
			);
			sourceTree = "<group>";
		};
		6C09383A27C6FB1A004B161C /* Products */ = {
			isa = PBXGroup;
			children = (
				6C09383927C6FB1A004B161C /* CollegeTableViewDB.app */,
			);
			name = Products;
			sourceTree = "<group>";
		};
		6C09383B27C6FB1A004B161C /* CollegeTableViewDB */ = {
			isa = PBXGroup;
			children = (
				6C3E1FC827C79E4200CA53DE /* FMDatabase.h */,
				6C3E1FC027C79E4100CA53DE /* FMDatabase.m */,
				6C3E1FC127C79E4200CA53DE /* FMDatabaseAdditions.h */,
				6C3E1FC227C79E4200CA53DE /* FMDatabaseAdditions.m */,
				6C3E1FC627C79E4200CA53DE /* FMDatabasePool.h */,
				6C3E1FC727C79E4200CA53DE /* FMDatabasePool.m */,
				6C3E1FC927C79E4200CA53DE /* FMDatabaseQueue.h */,
				6C3E1FCA27C79E4200CA53DE /* FMDatabaseQueue.m */,
				6C3E1FC327C79E4200CA53DE /* FMDB.h */,
				6C3E1FC427C79E4200CA53DE /* FMResultSet.h */,
				6C3E1FC527C79E4200CA53DE /* FMResultSet.m */,
				6C09383C27C6FB1A004B161C /* AppDelegate.swift */,
				6C09383E27C6FB1A004B161C /* SceneDelegate.swift */,
				6C09384027C6FB1A004B161C /* ViewController.swift */,
				6C09384227C6FB1A004B161C /* Main.storyboard */,
				6C18AAEF27C7068500057F6C /* TableViewController.swift */,
				6C09384527C6FB1D004B161C /* Assets.xcassets */,
				6C09384727C6FB1D004B161C /* LaunchScreen.storyboard */,
				6C09384A27C6FB1D004B161C /* Info.plist */,
				6C3E1FBF27C79E4100CA53DE /* CollegeTableViewDB-Bridging-Header.h */,
				6C3E1FD127C79E7B00CA53DE /* students2.db */,
			);
			path = CollegeTableViewDB;
			sourceTree = "<group>";
		};
		6C3E1FD427C79ED700CA53DE /* Frameworks */ = {
			isa = PBXGroup;
			children = (
				6C3E1FD527C79ED700CA53DE /* libsqlite3.tbd */,
			);
			name = Frameworks;
			sourceTree = "<group>";
		};
/* End PBXGroup section */

/* Begin PBXNativeTarget section */
		6C09383827C6FB1A004B161C /* CollegeTableViewDB */ = {
			isa = PBXNativeTarget;
			buildConfigurationList = 6C09384D27C6FB1D004B161C /* Build configuration list for PBXNativeTarget "CollegeTableViewDB" */;
			buildPhases = (
				6C09383527C6FB1A004B161C /* Sources */,
				6C09383627C6FB1A004B161C /* Frameworks */,
				6C09383727C6FB1A004B161C /* Resources */,
			);
			buildRules = (
			);
			dependencies = (
			);
			name = CollegeTableViewDB;
			productName = CollegeTableViewDB;
			productReference = 6C09383927C6FB1A004B161C /* CollegeTableViewDB.app */;
			productType = "com.apple.product-type.application";
		};
/* End PBXNativeTarget section */

/* Begin PBXProject section */
		6C09383127C6FB19004B161C /* Project object */ = {
			isa = PBXProject;
			attributes = {
				LastSwiftUpdateCheck = 1230;
				LastUpgradeCheck = 1230;
				TargetAttributes = {
					6C09383827C6FB1A004B161C = {
						CreatedOnToolsVersion = 12.3;
						LastSwiftMigration = 1230;
					};
				};
			};
			buildConfigurationList = 6C09383427C6FB19004B161C /* Build configuration list for PBXProject "CollegeTableViewDB" */;
			compatibilityVersion = "Xcode 9.3";
			developmentRegion = en;
			hasScannedForEncodings = 0;
			knownRegions = (
				en,
				Base,
			);
			mainGroup = 6C09383027C6FB19004B161C;
			productRefGroup = 6C09383A27C6FB1A004B161C /* Products */;
			projectDirPath = "";
			projectRoot = "";
			targets = (
				6C09383827C6FB1A004B161C /* CollegeTableViewDB */,
			);
		};
/* End PBXProject section */

/* Begin PBXResourcesBuildPhase section */
		6C09383727C6FB1A004B161C /* Resources */ = {
			isa = PBXResourcesBuildPhase;
			buildActionMask = 2147483647;
			files = (
				6C3E1FD227C79E7B00CA53DE /* students2.db in Resources */,
				6C09384927C6FB1D004B161C /* LaunchScreen.storyboard in Resources */,
				6C09384627C6FB1D004B161C /* Assets.xcassets in Resources */,
				6C09384427C6FB1A004B161C /* Main.storyboard in Resources */,
			);
			runOnlyForDeploymentPostprocessing = 0;
		};
/* End PBXResourcesBuildPhase section */

/* Begin PBXSourcesBuildPhase section */
		6C09383527C6FB1A004B161C /* Sources */ = {
			isa = PBXSourcesBuildPhase;
			buildActionMask = 2147483647;
			files = (
				6C09384127C6FB1A004B161C /* ViewController.swift in Sources */,
				6C09383D27C6FB1A004B161C /* AppDelegate.swift in Sources */,
				6C3E1FCD27C79E4200CA53DE /* FMResultSet.m in Sources */,
				6C09383F27C6FB1A004B161C /* SceneDelegate.swift in Sources */,
				6C3E1FCB27C79E4200CA53DE /* FMDatabase.m in Sources */,
				6C3E1FCE27C79E4200CA53DE /* FMDatabasePool.m in Sources */,
				6C18AAF027C7068500057F6C /* TableViewController.swift in Sources */,
				6C3E1FCC27C79E4200CA53DE /* FMDatabaseAdditions.m in Sources */,
				6C3E1FCF27C79E4200CA53DE /* FMDatabaseQueue.m in Sources */,
			);
			runOnlyForDeploymentPostprocessing = 0;
		};
/* End PBXSourcesBuildPhase section */

/* Begin PBXVariantGroup section */
		6C09384227C6FB1A004B161C /* Main.storyboard */ = {
			isa = PBXVariantGroup;
			children = (
				6C09384327C6FB1A004B161C /* Base */,
			);
			name = Main.storyboard;
			sourceTree = "<group>";
		};
		6C09384727C6FB1D004B161C /* LaunchScreen.storyboard */ = {
			isa = PBXVariantGroup;
			children = (
				6C09384827C6FB1D004B161C /* Base */,
			);
			name = LaunchScreen.storyboard;
			sourceTree = "<group>";
		};
/* End PBXVariantGroup section */

/* Begin XCBuildConfiguration section */
		6C09384B27C6FB1D004B161C /* Debug */ = {
			isa = XCBuildConfiguration;
			buildSettings = {
				ALWAYS_SEARCH_USER_PATHS = NO;
				CLANG_ANALYZER_NONNULL = YES;
				CLANG_ANALYZER_NUMBER_OBJECT_CONVERSION = YES_AGGRESSIVE;
				CLANG_CXX_LANGUAGE_STANDARD = "gnu++14";
				CLANG_CXX_LIBRARY = "libc++";
				CLANG_ENABLE_MODULES = YES;
				CLANG_ENABLE_OBJC_ARC = YES;
				CLANG_ENABLE_OBJC_WEAK = YES;
				CLANG_WARN_BLOCK_CAPTURE_AUTORELEASING = YES;
				CLANG_WARN_BOOL_CONVERSION = YES;
				CLANG_WARN_COMMA = YES;
				CLANG_WARN_CONSTANT_CONVERSION = YES;
				CLANG_WARN_DEPRECATED_OBJC_IMPLEMENTATIONS = YES;
				CLANG_WARN_DIRECT_OBJC_ISA_USAGE = YES_ERROR;
				CLANG_WARN_DOCUMENTATION_COMMENTS = YES;
				CLANG_WARN_EMPTY_BODY = YES;
				CLANG_WARN_ENUM_CONVERSION = YES;
				CLANG_WARN_INFINITE_RECURSION = YES;
				CLANG_WARN_INT_CONVERSION = YES;
				CLANG_WARN_NON_LITERAL_NULL_CONVERSION = YES;
				CLANG_WARN_OBJC_IMPLICIT_RETAIN_SELF = YES;
				CLANG_WARN_OBJC_LITERAL_CONVERSION = YES;
				CLANG_WARN_OBJC_ROOT_CLASS = YES_ERROR;
				CLANG_WARN_QUOTED_INCLUDE_IN_FRAMEWORK_HEADER = YES;
				CLANG_WARN_RANGE_LOOP_ANALYSIS = YES;
				CLANG_WARN_STRICT_PROTOTYPES = YES;
				CLANG_WARN_SUSPICIOUS_MOVE = YES;
				CLANG_WARN_UNGUARDED_AVAILABILITY = YES_AGGRESSIVE;
				CLANG_WARN_UNREACHABLE_CODE = YES;
				CLANG_WARN__DUPLICATE_METHOD_MATCH = YES;
				COPY_PHASE_STRIP = NO;
				DEBUG_INFORMATION_FORMAT = dwarf;
				ENABLE_STRICT_OBJC_MSGSEND = YES;
				ENABLE_TESTABILITY = YES;
				GCC_C_LANGUAGE_STANDARD = gnu11;
				GCC_DYNAMIC_NO_PIC = NO;
				GCC_NO_COMMON_BLOCKS = YES;
				GCC_OPTIMIZATION_LEVEL = 0;
				GCC_PREPROCESSOR_DEFINITIONS = (
					"DEBUG=1",
					"$(inherited)",
				);
				GCC_WARN_64_TO_32_BIT_CONVERSION = YES;
				GCC_WARN_ABOUT_RETURN_TYPE = YES_ERROR;
				GCC_WARN_UNDECLARED_SELECTOR = YES;
				GCC_WARN_UNINITIALIZED_AUTOS = YES_AGGRESSIVE;
				GCC_WARN_UNUSED_FUNCTION = YES;
				GCC_WARN_UNUSED_VARIABLE = YES;
				IPHONEOS_DEPLOYMENT_TARGET = 14.3;
				MTL_ENABLE_DEBUG_INFO = INCLUDE_SOURCE;
				MTL_FAST_MATH = YES;
				ONLY_ACTIVE_ARCH = YES;
				SDKROOT = iphoneos;
				SWIFT_ACTIVE_COMPILATION_CONDITIONS = DEBUG;
				SWIFT_OPTIMIZATION_LEVEL = "-Onone";
			};
			name = Debug;
		};
		6C09384C27C6FB1D004B161C /* Release */ = {
			isa = XCBuildConfiguration;
			buildSettings = {
				ALWAYS_SEARCH_USER_PATHS = NO;
				CLANG_ANALYZER_NONNULL = YES;
				CLANG_ANALYZER_NUMBER_OBJECT_CONVERSION = YES_AGGRESSIVE;
				CLANG_CXX_LANGUAGE_STANDARD = "gnu++14";
				CLANG_CXX_LIBRARY = "libc++";
				CLANG_ENABLE_MODULES = YES;
				CLANG_ENABLE_OBJC_ARC = YES;
				CLANG_ENABLE_OBJC_WEAK = YES;
				CLANG_WARN_BLOCK_CAPTURE_AUTORELEASING = YES;
				CLANG_WARN_BOOL_CONVERSION = YES;
				CLANG_WARN_COMMA = YES;
				CLANG_WARN_CONSTANT_CONVERSION = YES;
				CLANG_WARN_DEPRECATED_OBJC_IMPLEMENTATIONS = YES;
				CLANG_WARN_DIRECT_OBJC_ISA_USAGE = YES_ERROR;
				CLANG_WARN_DOCUMENTATION_COMMENTS = YES;
				CLANG_WARN_EMPTY_BODY = YES;
				CLANG_WARN_ENUM_CONVERSION = YES;
				CLANG_WARN_INFINITE_RECURSION = YES;
				CLANG_WARN_INT_CONVERSION = YES;
				CLANG_WARN_NON_LITERAL_NULL_CONVERSION = YES;
				CLANG_WARN_OBJC_IMPLICIT_RETAIN_SELF = YES;
				CLANG_WARN_OBJC_LITERAL_CONVERSION = YES;
				CLANG_WARN_OBJC_ROOT_CLASS = YES_ERROR;
				CLANG_WARN_QUOTED_INCLUDE_IN_FRAMEWORK_HEADER = YES;
				CLANG_WARN_RANGE_LOOP_ANALYSIS = YES;
				CLANG_WARN_STRICT_PROTOTYPES = YES;
				CLANG_WARN_SUSPICIOUS_MOVE = YES;
				CLANG_WARN_UNGUARDED_AVAILABILITY = YES_AGGRESSIVE;
				CLANG_WARN_UNREACHABLE_CODE = YES;
				CLANG_WARN__DUPLICATE_METHOD_MATCH = YES;
				COPY_PHASE_STRIP = NO;
				DEBUG_INFORMATION_FORMAT = "dwarf-with-dsym";
				ENABLE_NS_ASSERTIONS = NO;
				ENABLE_STRICT_OBJC_MSGSEND = YES;
				GCC_C_LANGUAGE_STANDARD = gnu11;
				GCC_NO_COMMON_BLOCKS = YES;
				GCC_WARN_64_TO_32_BIT_CONVERSION = YES;
				GCC_WARN_ABOUT_RETURN_TYPE = YES_ERROR;
				GCC_WARN_UNDECLARED_SELECTOR = YES;
				GCC_WARN_UNINITIALIZED_AUTOS = YES_AGGRESSIVE;
				GCC_WARN_UNUSED_FUNCTION = YES;
				GCC_WARN_UNUSED_VARIABLE = YES;
				IPHONEOS_DEPLOYMENT_TARGET = 14.3;
				MTL_ENABLE_DEBUG_INFO = NO;
				MTL_FAST_MATH = YES;
				SDKROOT = iphoneos;
				SWIFT_COMPILATION_MODE = wholemodule;
				SWIFT_OPTIMIZATION_LEVEL = "-O";
				VALIDATE_PRODUCT = YES;
			};
			name = Release;
		};
		6C09384E27C6FB1D004B161C /* Debug */ = {
			isa = XCBuildConfiguration;
			buildSettings = {
				ASSETCATALOG_COMPILER_APPICON_NAME = AppIcon;
				ASSETCATALOG_COMPILER_GLOBAL_ACCENT_COLOR_NAME = AccentColor;
				CLANG_ENABLE_MODULES = YES;
				CODE_SIGN_STYLE = Automatic;
				INFOPLIST_FILE = CollegeTableViewDB/Info.plist;
				LD_RUNPATH_SEARCH_PATHS = (
					"$(inherited)",
					"@executable_path/Frameworks",
				);
				PRODUCT_BUNDLE_IDENTIFIER = okc.CollegeTableViewDB;
				PRODUCT_NAME = "$(TARGET_NAME)";
				SWIFT_OBJC_BRIDGING_HEADER = "CollegeTableViewDB/CollegeTableViewDB-Bridging-Header.h";
				SWIFT_OPTIMIZATION_LEVEL = "-Onone";
				SWIFT_VERSION = 5.0;
				TARGETED_DEVICE_FAMILY = "1,2";
			};
			name = Debug;
		};
		6C09384F27C6FB1D004B161C /* Release */ = {
			isa = XCBuildConfiguration;
			buildSettings = {
				ASSETCATALOG_COMPILER_APPICON_NAME = AppIcon;
				ASSETCATALOG_COMPILER_GLOBAL_ACCENT_COLOR_NAME = AccentColor;
				CLANG_ENABLE_MODULES = YES;
				CODE_SIGN_STYLE = Automatic;
				INFOPLIST_FILE = CollegeTableViewDB/Info.plist;
				LD_RUNPATH_SEARCH_PATHS = (
					"$(inherited)",
					"@executable_path/Frameworks",
				);
				PRODUCT_BUNDLE_IDENTIFIER = okc.CollegeTableViewDB;
				PRODUCT_NAME = "$(TARGET_NAME)";
				SWIFT_OBJC_BRIDGING_HEADER = "CollegeTableViewDB/CollegeTableViewDB-Bridging-Header.h";
				SWIFT_VERSION = 5.0;
				TARGETED_DEVICE_FAMILY = "1,2";
			};
			name = Release;
		};
/* End XCBuildConfiguration section */

/* Begin XCConfigurationList section */
		6C09383427C6FB19004B161C /* Build configuration list for PBXProject "CollegeTableViewDB" */ = {
			isa = XCConfigurationList;
			buildConfigurations = (
				6C09384B27C6FB1D004B161C /* Debug */,
				6C09384C27C6FB1D004B161C /* Release */,
			);
			defaultConfigurationIsVisible = 0;
			defaultConfigurationName = Release;
		};
		6C09384D27C6FB1D004B161C /* Build configuration list for PBXNativeTarget "CollegeTableViewDB" */ = {
			isa = XCConfigurationList;
			buildConfigurations = (
				6C09384E27C6FB1D004B161C /* Debug */,
				6C09384F27C6FB1D004B161C /* Release */,
			);
			defaultConfigurationIsVisible = 0;
			defaultConfigurationName = Release;
		};
/* End XCConfigurationList section */
	};
	rootObject = 6C09383127C6FB19004B161C /* Project object */;
}
