// !$*UTF8*$!
{
	archiveVersion = 1;
	classes = {
	};
	objectVersion = 50;
	objects = {

/* Begin PBXBuildFile section */
		6C1A2A8F27BEC88700096B01 /* AppDelegate.swift in Sources */ = {isa = PBXBuildFile; fileRef = 6C1A2A8E27BEC88700096B01 /* AppDelegate.swift */; };
		6C1A2A9127BEC88700096B01 /* SceneDelegate.swift in Sources */ = {isa = PBXBuildFile; fileRef = 6C1A2A9027BEC88700096B01 /* SceneDelegate.swift */; };
		6C1A2A9327BEC88700096B01 /* ViewController.swift in Sources */ = {isa = PBXBuildFile; fileRef = 6C1A2A9227BEC88700096B01 /* ViewController.swift */; };
		6C1A2A9627BEC88700096B01 /* Main.storyboard in Resources */ = {isa = PBXBuildFile; fileRef = 6C1A2A9427BEC88700096B01 /* Main.storyboard */; };
		6C1A2A9827BEC88800096B01 /* Assets.xcassets in Resources */ = {isa = PBXBuildFile; fileRef = 6C1A2A9727BEC88800096B01 /* Assets.xcassets */; };
		6C1A2A9B27BEC88800096B01 /* LaunchScreen.storyboard in Resources */ = {isa = PBXBuildFile; fileRef = 6C1A2A9927BEC88800096B01 /* LaunchScreen.storyboard */; };
		6C80D4EC27BF174800A39299 /* libsqlite3.tbd in Frameworks */ = {isa = PBXBuildFile; fileRef = 6C80D4EB27BF174800A39299 /* libsqlite3.tbd */; };
		6C80D4F427BF1FF200A39299 /* contacts.db in Resources */ = {isa = PBXBuildFile; fileRef = 6C80D4F327BF1FF200A39299 /* contacts.db */; };
		6CAF817627BEF87D0045FEFE /* FMDatabaseQueue.m in Sources */ = {isa = PBXBuildFile; fileRef = 6CAF816D27BEF87C0045FEFE /* FMDatabaseQueue.m */; };
		6CAF817727BEF87D0045FEFE /* FMDatabase.m in Sources */ = {isa = PBXBuildFile; fileRef = 6CAF816F27BEF87D0045FEFE /* FMDatabase.m */; };
		6CAF817827BEF87D0045FEFE /* FMResultSet.m in Sources */ = {isa = PBXBuildFile; fileRef = 6CAF817027BEF87D0045FEFE /* FMResultSet.m */; };
		6CAF817927BEF87D0045FEFE /* FMDatabaseAdditions.m in Sources */ = {isa = PBXBuildFile; fileRef = 6CAF817227BEF87D0045FEFE /* FMDatabaseAdditions.m */; };
		6CAF817A27BEF87D0045FEFE /* FMDatabasePool.m in Sources */ = {isa = PBXBuildFile; fileRef = 6CAF817427BEF87D0045FEFE /* FMDatabasePool.m */; };
/* End PBXBuildFile section */

/* Begin PBXFileReference section */
		6C1A2A8B27BEC88700096B01 /* FMDBapp.app */ = {isa = PBXFileReference; explicitFileType = wrapper.application; includeInIndex = 0; path = FMDBapp.app; sourceTree = BUILT_PRODUCTS_DIR; };
		6C1A2A8E27BEC88700096B01 /* AppDelegate.swift */ = {isa = PBXFileReference; lastKnownFileType = sourcecode.swift; path = AppDelegate.swift; sourceTree = "<group>"; };
		6C1A2A9027BEC88700096B01 /* SceneDelegate.swift */ = {isa = PBXFileReference; lastKnownFileType = sourcecode.swift; path = SceneDelegate.swift; sourceTree = "<group>"; };
		6C1A2A9227BEC88700096B01 /* ViewController.swift */ = {isa = PBXFileReference; lastKnownFileType = sourcecode.swift; path = ViewController.swift; sourceTree = "<group>"; };
		6C1A2A9527BEC88700096B01 /* Base */ = {isa = PBXFileReference; lastKnownFileType = file.storyboard; name = Base; path = Base.lproj/Main.storyboard; sourceTree = "<group>"; };
		6C1A2A9727BEC88800096B01 /* Assets.xcassets */ = {isa = PBXFileReference; lastKnownFileType = folder.assetcatalog; path = Assets.xcassets; sourceTree = "<group>"; };
		6C1A2A9A27BEC88800096B01 /* Base */ = {isa = PBXFileReference; lastKnownFileType = file.storyboard; name = Base; path = Base.lproj/LaunchScreen.storyboard; sourceTree = "<group>"; };
		6C1A2A9C27BEC88800096B01 /* Info.plist */ = {isa = PBXFileReference; lastKnownFileType = text.plist.xml; path = Info.plist; sourceTree = "<group>"; };
		6C80D4EB27BF174800A39299 /* libsqlite3.tbd */ = {isa = PBXFileReference; lastKnownFileType = "sourcecode.text-based-dylib-definition"; name = libsqlite3.tbd; path = usr/lib/libsqlite3.tbd; sourceTree = SDKROOT; };
		6C80D4F327BF1FF200A39299 /* contacts.db */ = {isa = PBXFileReference; lastKnownFileType = text; path = contacts.db; sourceTree = "<group>"; };
		6CAF816A27BEF87B0045FEFE /* FMDBapp-Bridging-Header.h */ = {isa = PBXFileReference; lastKnownFileType = sourcecode.c.h; path = "FMDBapp-Bridging-Header.h"; sourceTree = "<group>"; };
		6CAF816B27BEF87C0045FEFE /* FMDatabasePool.h */ = {isa = PBXFileReference; fileEncoding = 4; lastKnownFileType = sourcecode.c.h; path = FMDatabasePool.h; sourceTree = "<group>"; };
		6CAF816C27BEF87C0045FEFE /* FMDatabase.h */ = {isa = PBXFileReference; fileEncoding = 4; lastKnownFileType = sourcecode.c.h; path = FMDatabase.h; sourceTree = "<group>"; };
		6CAF816D27BEF87C0045FEFE /* FMDatabaseQueue.m */ = {isa = PBXFileReference; fileEncoding = 4; lastKnownFileType = sourcecode.c.objc; path = FMDatabaseQueue.m; sourceTree = "<group>"; };
		6CAF816E27BEF87C0045FEFE /* FMResultSet.h */ = {isa = PBXFileReference; fileEncoding = 4; lastKnownFileType = sourcecode.c.h; path = FMResultSet.h; sourceTree = "<group>"; };
		6CAF816F27BEF87D0045FEFE /* FMDatabase.m */ = {isa = PBXFileReference; fileEncoding = 4; lastKnownFileType = sourcecode.c.objc; path = FMDatabase.m; sourceTree = "<group>"; };
		6CAF817027BEF87D0045FEFE /* FMResultSet.m */ = {isa = PBXFileReference; fileEncoding = 4; lastKnownFileType = sourcecode.c.objc; path = FMResultSet.m; sourceTree = "<group>"; };
		6CAF817127BEF87D0045FEFE /* FMDatabaseQueue.h */ = {isa = PBXFileReference; fileEncoding = 4; lastKnownFileType = sourcecode.c.h; path = FMDatabaseQueue.h; sourceTree = "<group>"; };
		6CAF817227BEF87D0045FEFE /* FMDatabaseAdditions.m */ = {isa = PBXFileReference; fileEncoding = 4; lastKnownFileType = sourcecode.c.objc; path = FMDatabaseAdditions.m; sourceTree = "<group>"; };
		6CAF817327BEF87D0045FEFE /* FMDatabaseAdditions.h */ = {isa = PBXFileReference; fileEncoding = 4; lastKnownFileType = sourcecode.c.h; path = FMDatabaseAdditions.h; sourceTree = "<group>"; };
		6CAF817427BEF87D0045FEFE /* FMDatabasePool.m */ = {isa = PBXFileReference; fileEncoding = 4; lastKnownFileType = sourcecode.c.objc; path = FMDatabasePool.m; sourceTree = "<group>"; };
		6CAF817527BEF87D0045FEFE /* FMDB.h */ = {isa = PBXFileReference; fileEncoding = 4; lastKnownFileType = sourcecode.c.h; path = FMDB.h; sourceTree = "<group>"; };
/* End PBXFileReference section */

/* Begin PBXFrameworksBuildPhase section */
		6C1A2A8827BEC88700096B01 /* Frameworks */ = {
			isa = PBXFrameworksBuildPhase;
			buildActionMask = 2147483647;
			files = (
				6C80D4EC27BF174800A39299 /* libsqlite3.tbd in Frameworks */,
			);
			runOnlyForDeploymentPostprocessing = 0;
		};
/* End PBXFrameworksBuildPhase section */

/* Begin PBXGroup section */
		6C1A2A8227BEC88700096B01 = {
			isa = PBXGroup;
			children = (
				6C1A2A8D27BEC88700096B01 /* FMDBapp */,
				6C1A2A8C27BEC88700096B01 /* Products */,
				6C80D4EA27BF174800A39299 /* Frameworks */,
			);
			sourceTree = "<group>";
		};
		6C1A2A8C27BEC88700096B01 /* Products */ = {
			isa = PBXGroup;
			children = (
				6C1A2A8B27BEC88700096B01 /* FMDBapp.app */,
			);
			name = Products;
			sourceTree = "<group>";
		};
		6C1A2A8D27BEC88700096B01 /* FMDBapp */ = {
			isa = PBXGroup;
			children = (
				6CAF816C27BEF87C0045FEFE /* FMDatabase.h */,
				6CAF816F27BEF87D0045FEFE /* FMDatabase.m */,
				6CAF817327BEF87D0045FEFE /* FMDatabaseAdditions.h */,
				6CAF817227BEF87D0045FEFE /* FMDatabaseAdditions.m */,
				6CAF816B27BEF87C0045FEFE /* FMDatabasePool.h */,
				6CAF817427BEF87D0045FEFE /* FMDatabasePool.m */,
				6CAF817127BEF87D0045FEFE /* FMDatabaseQueue.h */,
				6CAF816D27BEF87C0045FEFE /* FMDatabaseQueue.m */,
				6CAF817527BEF87D0045FEFE /* FMDB.h */,
				6CAF816E27BEF87C0045FEFE /* FMResultSet.h */,
				6CAF817027BEF87D0045FEFE /* FMResultSet.m */,
				6C1A2A8E27BEC88700096B01 /* AppDelegate.swift */,
				6C1A2A9027BEC88700096B01 /* SceneDelegate.swift */,
				6C1A2A9227BEC88700096B01 /* ViewController.swift */,
				6C1A2A9427BEC88700096B01 /* Main.storyboard */,
				6C1A2A9727BEC88800096B01 /* Assets.xcassets */,
				6C1A2A9927BEC88800096B01 /* LaunchScreen.storyboard */,
				6C1A2A9C27BEC88800096B01 /* Info.plist */,
				6CAF816A27BEF87B0045FEFE /* FMDBapp-Bridging-Header.h */,
				6C80D4F327BF1FF200A39299 /* contacts.db */,
			);
			path = FMDBapp;
			sourceTree = "<group>";
		};
		6C80D4EA27BF174800A39299 /* Frameworks */ = {
			isa = PBXGroup;
			children = (
				6C80D4EB27BF174800A39299 /* libsqlite3.tbd */,
			);
			name = Frameworks;
			sourceTree = "<group>";
		};
/* End PBXGroup section */

/* Begin PBXNativeTarget section */
		6C1A2A8A27BEC88700096B01 /* FMDBapp */ = {
			isa = PBXNativeTarget;
			buildConfigurationList = 6C1A2A9F27BEC88800096B01 /* Build configuration list for PBXNativeTarget "FMDBapp" */;
			buildPhases = (
				6C1A2A8727BEC88700096B01 /* Sources */,
				6C1A2A8827BEC88700096B01 /* Frameworks */,
				6C1A2A8927BEC88700096B01 /* Resources */,
			);
			buildRules = (
			);
			dependencies = (
			);
			name = FMDBapp;
			productName = FMDBapp;
			productReference = 6C1A2A8B27BEC88700096B01 /* FMDBapp.app */;
			productType = "com.apple.product-type.application";
		};
/* End PBXNativeTarget section */

/* Begin PBXProject section */
		6C1A2A8327BEC88700096B01 /* Project object */ = {
			isa = PBXProject;
			attributes = {
				LastSwiftUpdateCheck = 1230;
				LastUpgradeCheck = 1230;
				TargetAttributes = {
					6C1A2A8A27BEC88700096B01 = {
						CreatedOnToolsVersion = 12.3;
						LastSwiftMigration = 1230;
					};
				};
			};
			buildConfigurationList = 6C1A2A8627BEC88700096B01 /* Build configuration list for PBXProject "FMDBapp" */;
			compatibilityVersion = "Xcode 9.3";
			developmentRegion = en;
			hasScannedForEncodings = 0;
			knownRegions = (
				en,
				Base,
			);
			mainGroup = 6C1A2A8227BEC88700096B01;
			productRefGroup = 6C1A2A8C27BEC88700096B01 /* Products */;
			projectDirPath = "";
			projectRoot = "";
			targets = (
				6C1A2A8A27BEC88700096B01 /* FMDBapp */,
			);
		};
/* End PBXProject section */

/* Begin PBXResourcesBuildPhase section */
		6C1A2A8927BEC88700096B01 /* Resources */ = {
			isa = PBXResourcesBuildPhase;
			buildActionMask = 2147483647;
			files = (
				6C1A2A9B27BEC88800096B01 /* LaunchScreen.storyboard in Resources */,
				6C1A2A9827BEC88800096B01 /* Assets.xcassets in Resources */,
				6C80D4F427BF1FF200A39299 /* contacts.db in Resources */,
				6C1A2A9627BEC88700096B01 /* Main.storyboard in Resources */,
			);
			runOnlyForDeploymentPostprocessing = 0;
		};
/* End PBXResourcesBuildPhase section */

/* Begin PBXSourcesBuildPhase section */
		6C1A2A8727BEC88700096B01 /* Sources */ = {
			isa = PBXSourcesBuildPhase;
			buildActionMask = 2147483647;
			files = (
				6CAF817827BEF87D0045FEFE /* FMResultSet.m in Sources */,
				6C1A2A9327BEC88700096B01 /* ViewController.swift in Sources */,
				6CAF817627BEF87D0045FEFE /* FMDatabaseQueue.m in Sources */,
				6C1A2A8F27BEC88700096B01 /* AppDelegate.swift in Sources */,
				6CAF817727BEF87D0045FEFE /* FMDatabase.m in Sources */,
				6CAF817A27BEF87D0045FEFE /* FMDatabasePool.m in Sources */,
				6CAF817927BEF87D0045FEFE /* FMDatabaseAdditions.m in Sources */,
				6C1A2A9127BEC88700096B01 /* SceneDelegate.swift in Sources */,
			);
			runOnlyForDeploymentPostprocessing = 0;
		};
/* End PBXSourcesBuildPhase section */

/* Begin PBXVariantGroup section */
		6C1A2A9427BEC88700096B01 /* Main.storyboard */ = {
			isa = PBXVariantGroup;
			children = (
				6C1A2A9527BEC88700096B01 /* Base */,
			);
			name = Main.storyboard;
			sourceTree = "<group>";
		};
		6C1A2A9927BEC88800096B01 /* LaunchScreen.storyboard */ = {
			isa = PBXVariantGroup;
			children = (
				6C1A2A9A27BEC88800096B01 /* Base */,
			);
			name = LaunchScreen.storyboard;
			sourceTree = "<group>";
		};
/* End PBXVariantGroup section */

/* Begin XCBuildConfiguration section */
		6C1A2A9D27BEC88800096B01 /* Debug */ = {
			isa = XCBuildConfiguration;
			buildSettings = {
				ALWAYS_SEARCH_USER_PATHS = NO;
				CLANG_ANALYZER_NONNULL = YES;
				CLANG_ANALYZER_NUMBER_OBJECT_CONVERSION = YES_AGGRESSIVE;
				CLANG_CXX_LANGUAGE_STANDARD = "gnu++14";
				CLANG_CXX_LIBRARY = "libc++";
				CLANG_ENABLE_MODULES = YES;
				CLANG_ENABLE_OBJC_ARC = YES;
				CLANG_ENABLE_OBJC_WEAK = YES;
				CLANG_WARN_BLOCK_CAPTURE_AUTORELEASING = YES;
				CLANG_WARN_BOOL_CONVERSION = YES;
				CLANG_WARN_COMMA = YES;
				CLANG_WARN_CONSTANT_CONVERSION = YES;
				CLANG_WARN_DEPRECATED_OBJC_IMPLEMENTATIONS = YES;
				CLANG_WARN_DIRECT_OBJC_ISA_USAGE = YES_ERROR;
				CLANG_WARN_DOCUMENTATION_COMMENTS = YES;
				CLANG_WARN_EMPTY_BODY = YES;
				CLANG_WARN_ENUM_CONVERSION = YES;
				CLANG_WARN_INFINITE_RECURSION = YES;
				CLANG_WARN_INT_CONVERSION = YES;
				CLANG_WARN_NON_LITERAL_NULL_CONVERSION = YES;
				CLANG_WARN_OBJC_IMPLICIT_RETAIN_SELF = YES;
				CLANG_WARN_OBJC_LITERAL_CONVERSION = YES;
				CLANG_WARN_OBJC_ROOT_CLASS = YES_ERROR;
				CLANG_WARN_QUOTED_INCLUDE_IN_FRAMEWORK_HEADER = YES;
				CLANG_WARN_RANGE_LOOP_ANALYSIS = YES;
				CLANG_WARN_STRICT_PROTOTYPES = YES;
				CLANG_WARN_SUSPICIOUS_MOVE = YES;
				CLANG_WARN_UNGUARDED_AVAILABILITY = YES_AGGRESSIVE;
				CLANG_WARN_UNREACHABLE_CODE = YES;
				CLANG_WARN__DUPLICATE_METHOD_MATCH = YES;
				COPY_PHASE_STRIP = NO;
				DEBUG_INFORMATION_FORMAT = dwarf;
				ENABLE_STRICT_OBJC_MSGSEND = YES;
				ENABLE_TESTABILITY = YES;
				GCC_C_LANGUAGE_STANDARD = gnu11;
				GCC_DYNAMIC_NO_PIC = NO;
				GCC_NO_COMMON_BLOCKS = YES;
				GCC_OPTIMIZATION_LEVEL = 0;
				GCC_PREPROCESSOR_DEFINITIONS = (
					"DEBUG=1",
					"$(inherited)",
				);
				GCC_WARN_64_TO_32_BIT_CONVERSION = YES;
				GCC_WARN_ABOUT_RETURN_TYPE = YES_ERROR;
				GCC_WARN_UNDECLARED_SELECTOR = YES;
				GCC_WARN_UNINITIALIZED_AUTOS = YES_AGGRESSIVE;
				GCC_WARN_UNUSED_FUNCTION = YES;
				GCC_WARN_UNUSED_VARIABLE = YES;
				IPHONEOS_DEPLOYMENT_TARGET = 14.3;
				MTL_ENABLE_DEBUG_INFO = INCLUDE_SOURCE;
				MTL_FAST_MATH = YES;
				ONLY_ACTIVE_ARCH = YES;
				SDKROOT = iphoneos;
				SWIFT_ACTIVE_COMPILATION_CONDITIONS = DEBUG;
				SWIFT_OPTIMIZATION_LEVEL = "-Onone";
			};
			name = Debug;
		};
		6C1A2A9E27BEC88800096B01 /* Release */ = {
			isa = XCBuildConfiguration;
			buildSettings = {
				ALWAYS_SEARCH_USER_PATHS = NO;
				CLANG_ANALYZER_NONNULL = YES;
				CLANG_ANALYZER_NUMBER_OBJECT_CONVERSION = YES_AGGRESSIVE;
				CLANG_CXX_LANGUAGE_STANDARD = "gnu++14";
				CLANG_CXX_LIBRARY = "libc++";
				CLANG_ENABLE_MODULES = YES;
				CLANG_ENABLE_OBJC_ARC = YES;
				CLANG_ENABLE_OBJC_WEAK = YES;
				CLANG_WARN_BLOCK_CAPTURE_AUTORELEASING = YES;
				CLANG_WARN_BOOL_CONVERSION = YES;
				CLANG_WARN_COMMA = YES;
				CLANG_WARN_CONSTANT_CONVERSION = YES;
				CLANG_WARN_DEPRECATED_OBJC_IMPLEMENTATIONS = YES;
				CLANG_WARN_DIRECT_OBJC_ISA_USAGE = YES_ERROR;
				CLANG_WARN_DOCUMENTATION_COMMENTS = YES;
				CLANG_WARN_EMPTY_BODY = YES;
				CLANG_WARN_ENUM_CONVERSION = YES;
				CLANG_WARN_INFINITE_RECURSION = YES;
				CLANG_WARN_INT_CONVERSION = YES;
				CLANG_WARN_NON_LITERAL_NULL_CONVERSION = YES;
				CLANG_WARN_OBJC_IMPLICIT_RETAIN_SELF = YES;
				CLANG_WARN_OBJC_LITERAL_CONVERSION = YES;
				CLANG_WARN_OBJC_ROOT_CLASS = YES_ERROR;
				CLANG_WARN_QUOTED_INCLUDE_IN_FRAMEWORK_HEADER = YES;
				CLANG_WARN_RANGE_LOOP_ANALYSIS = YES;
				CLANG_WARN_STRICT_PROTOTYPES = YES;
				CLANG_WARN_SUSPICIOUS_MOVE = YES;
				CLANG_WARN_UNGUARDED_AVAILABILITY = YES_AGGRESSIVE;
				CLANG_WARN_UNREACHABLE_CODE = YES;
				CLANG_WARN__DUPLICATE_METHOD_MATCH = YES;
				COPY_PHASE_STRIP = NO;
				DEBUG_INFORMATION_FORMAT = "dwarf-with-dsym";
				ENABLE_NS_ASSERTIONS = NO;
				ENABLE_STRICT_OBJC_MSGSEND = YES;
				GCC_C_LANGUAGE_STANDARD = gnu11;
				GCC_NO_COMMON_BLOCKS = YES;
				GCC_WARN_64_TO_32_BIT_CONVERSION = YES;
				GCC_WARN_ABOUT_RETURN_TYPE = YES_ERROR;
				GCC_WARN_UNDECLARED_SELECTOR = YES;
				GCC_WARN_UNINITIALIZED_AUTOS = YES_AGGRESSIVE;
				GCC_WARN_UNUSED_FUNCTION = YES;
				GCC_WARN_UNUSED_VARIABLE = YES;
				IPHONEOS_DEPLOYMENT_TARGET = 14.3;
				MTL_ENABLE_DEBUG_INFO = NO;
				MTL_FAST_MATH = YES;
				SDKROOT = iphoneos;
				SWIFT_COMPILATION_MODE = wholemodule;
				SWIFT_OPTIMIZATION_LEVEL = "-O";
				VALIDATE_PRODUCT = YES;
			};
			name = Release;
		};
		6C1A2AA027BEC88800096B01 /* Debug */ = {
			isa = XCBuildConfiguration;
			buildSettings = {
				ASSETCATALOG_COMPILER_APPICON_NAME = AppIcon;
				ASSETCATALOG_COMPILER_GLOBAL_ACCENT_COLOR_NAME = AccentColor;
				CLANG_ENABLE_MODULES = YES;
				CODE_SIGN_STYLE = Automatic;
				INFOPLIST_FILE = FMDBapp/Info.plist;
				LD_RUNPATH_SEARCH_PATHS = (
					"$(inherited)",
					"@executable_path/Frameworks",
				);
				PRODUCT_BUNDLE_IDENTIFIER = okc.FMDBapp;
				PRODUCT_NAME = "$(TARGET_NAME)";
				SWIFT_OBJC_BRIDGING_HEADER = "FMDBapp/FMDBapp-Bridging-Header.h";
				SWIFT_OPTIMIZATION_LEVEL = "-Onone";
				SWIFT_VERSION = 5.0;
				TARGETED_DEVICE_FAMILY = "1,2";
			};
			name = Debug;
		};
		6C1A2AA127BEC88800096B01 /* Release */ = {
			isa = XCBuildConfiguration;
			buildSettings = {
				ASSETCATALOG_COMPILER_APPICON_NAME = AppIcon;
				ASSETCATALOG_COMPILER_GLOBAL_ACCENT_COLOR_NAME = AccentColor;
				CLANG_ENABLE_MODULES = YES;
				CODE_SIGN_STYLE = Automatic;
				INFOPLIST_FILE = FMDBapp/Info.plist;
				LD_RUNPATH_SEARCH_PATHS = (
					"$(inherited)",
					"@executable_path/Frameworks",
				);
				PRODUCT_BUNDLE_IDENTIFIER = okc.FMDBapp;
				PRODUCT_NAME = "$(TARGET_NAME)";
				SWIFT_OBJC_BRIDGING_HEADER = "FMDBapp/FMDBapp-Bridging-Header.h";
				SWIFT_VERSION = 5.0;
				TARGETED_DEVICE_FAMILY = "1,2";
			};
			name = Release;
		};
/* End XCBuildConfiguration section */

/* Begin XCConfigurationList section */
		6C1A2A8627BEC88700096B01 /* Build configuration list for PBXProject "FMDBapp" */ = {
			isa = XCConfigurationList;
			buildConfigurations = (
				6C1A2A9D27BEC88800096B01 /* Debug */,
				6C1A2A9E27BEC88800096B01 /* Release */,
			);
			defaultConfigurationIsVisible = 0;
			defaultConfigurationName = Release;
		};
		6C1A2A9F27BEC88800096B01 /* Build configuration list for PBXNativeTarget "FMDBapp" */ = {
			isa = XCConfigurationList;
			buildConfigurations = (
				6C1A2AA027BEC88800096B01 /* Debug */,
				6C1A2AA127BEC88800096B01 /* Release */,
			);
			defaultConfigurationIsVisible = 0;
			defaultConfigurationName = Release;
		};
/* End XCConfigurationList section */
	};
	rootObject = 6C1A2A8327BEC88700096B01 /* Project object */;
}
