// !$*UTF8*$!
{
	archiveVersion = 1;
	classes = {
	};
	objectVersion = 50;
	objects = {

/* Begin PBXBuildFile section */
		6C9CD6DF27B1FBF90029A19D /* AppDelegate.swift in Sources */ = {isa = PBXBuildFile; fileRef = 6C9CD6DE27B1FBF90029A19D /* AppDelegate.swift */; };
		6C9CD6E127B1FBF90029A19D /* SceneDelegate.swift in Sources */ = {isa = PBXBuildFile; fileRef = 6C9CD6E027B1FBF90029A19D /* SceneDelegate.swift */; };
		6C9CD6E327B1FBF90029A19D /* ViewController.swift in Sources */ = {isa = PBXBuildFile; fileRef = 6C9CD6E227B1FBF90029A19D /* ViewController.swift */; };
		6C9CD6E627B1FBF90029A19D /* Main.storyboard in Resources */ = {isa = PBXBuildFile; fileRef = 6C9CD6E427B1FBF90029A19D /* Main.storyboard */; };
		6C9CD6E827B1FBFC0029A19D /* Assets.xcassets in Resources */ = {isa = PBXBuildFile; fileRef = 6C9CD6E727B1FBFC0029A19D /* Assets.xcassets */; };
		6C9CD6EB27B1FBFC0029A19D /* LaunchScreen.storyboard in Resources */ = {isa = PBXBuildFile; fileRef = 6C9CD6E927B1FBFC0029A19D /* LaunchScreen.storyboard */; };
/* End PBXBuildFile section */

/* Begin PBXFileReference section */
		6C9CD6DB27B1FBF90029A19D /* BunniesHop.app */ = {isa = PBXFileReference; explicitFileType = wrapper.application; includeInIndex = 0; path = BunniesHop.app; sourceTree = BUILT_PRODUCTS_DIR; };
		6C9CD6DE27B1FBF90029A19D /* AppDelegate.swift */ = {isa = PBXFileReference; lastKnownFileType = sourcecode.swift; path = AppDelegate.swift; sourceTree = "<group>"; };
		6C9CD6E027B1FBF90029A19D /* SceneDelegate.swift */ = {isa = PBXFileReference; lastKnownFileType = sourcecode.swift; path = SceneDelegate.swift; sourceTree = "<group>"; };
		6C9CD6E227B1FBF90029A19D /* ViewController.swift */ = {isa = PBXFileReference; lastKnownFileType = sourcecode.swift; path = ViewController.swift; sourceTree = "<group>"; };
		6C9CD6E527B1FBF90029A19D /* Base */ = {isa = PBXFileReference; lastKnownFileType = file.storyboard; name = Base; path = Base.lproj/Main.storyboard; sourceTree = "<group>"; };
		6C9CD6E727B1FBFC0029A19D /* Assets.xcassets */ = {isa = PBXFileReference; lastKnownFileType = folder.assetcatalog; path = Assets.xcassets; sourceTree = "<group>"; };
		6C9CD6EA27B1FBFC0029A19D /* Base */ = {isa = PBXFileReference; lastKnownFileType = file.storyboard; name = Base; path = Base.lproj/LaunchScreen.storyboard; sourceTree = "<group>"; };
		6C9CD6EC27B1FBFC0029A19D /* Info.plist */ = {isa = PBXFileReference; lastKnownFileType = text.plist.xml; path = Info.plist; sourceTree = "<group>"; };
/* End PBXFileReference section */

/* Begin PBXFrameworksBuildPhase section */
		6C9CD6D827B1FBF80029A19D /* Frameworks */ = {
			isa = PBXFrameworksBuildPhase;
			buildActionMask = 2147483647;
			files = (
			);
			runOnlyForDeploymentPostprocessing = 0;
		};
/* End PBXFrameworksBuildPhase section */

/* Begin PBXGroup section */
		6C9CD6D227B1FBF80029A19D = {
			isa = PBXGroup;
			children = (
				6C9CD6DD27B1FBF90029A19D /* BunniesHop */,
				6C9CD6DC27B1FBF90029A19D /* Products */,
			);
			sourceTree = "<group>";
		};
		6C9CD6DC27B1FBF90029A19D /* Products */ = {
			isa = PBXGroup;
			children = (
				6C9CD6DB27B1FBF90029A19D /* BunniesHop.app */,
			);
			name = Products;
			sourceTree = "<group>";
		};
		6C9CD6DD27B1FBF90029A19D /* BunniesHop */ = {
			isa = PBXGroup;
			children = (
				6C9CD6DE27B1FBF90029A19D /* AppDelegate.swift */,
				6C9CD6E027B1FBF90029A19D /* SceneDelegate.swift */,
				6C9CD6E227B1FBF90029A19D /* ViewController.swift */,
				6C9CD6E427B1FBF90029A19D /* Main.storyboard */,
				6C9CD6E727B1FBFC0029A19D /* Assets.xcassets */,
				6C9CD6E927B1FBFC0029A19D /* LaunchScreen.storyboard */,
				6C9CD6EC27B1FBFC0029A19D /* Info.plist */,
			);
			path = BunniesHop;
			sourceTree = "<group>";
		};
/* End PBXGroup section */

/* Begin PBXNativeTarget section */
		6C9CD6DA27B1FBF80029A19D /* BunniesHop */ = {
			isa = PBXNativeTarget;
			buildConfigurationList = 6C9CD6EF27B1FBFC0029A19D /* Build configuration list for PBXNativeTarget "BunniesHop" */;
			buildPhases = (
				6C9CD6D727B1FBF80029A19D /* Sources */,
				6C9CD6D827B1FBF80029A19D /* Frameworks */,
				6C9CD6D927B1FBF80029A19D /* Resources */,
			);
			buildRules = (
			);
			dependencies = (
			);
			name = BunniesHop;
			productName = BunniesHop;
			productReference = 6C9CD6DB27B1FBF90029A19D /* BunniesHop.app */;
			productType = "com.apple.product-type.application";
		};
/* End PBXNativeTarget section */

/* Begin PBXProject section */
		6C9CD6D327B1FBF80029A19D /* Project object */ = {
			isa = PBXProject;
			attributes = {
				LastSwiftUpdateCheck = 1230;
				LastUpgradeCheck = 1230;
				TargetAttributes = {
					6C9CD6DA27B1FBF80029A19D = {
						CreatedOnToolsVersion = 12.3;
					};
				};
			};
			buildConfigurationList = 6C9CD6D627B1FBF80029A19D /* Build configuration list for PBXProject "BunniesHop" */;
			compatibilityVersion = "Xcode 9.3";
			developmentRegion = en;
			hasScannedForEncodings = 0;
			knownRegions = (
				en,
				Base,
			);
			mainGroup = 6C9CD6D227B1FBF80029A19D;
			productRefGroup = 6C9CD6DC27B1FBF90029A19D /* Products */;
			projectDirPath = "";
			projectRoot = "";
			targets = (
				6C9CD6DA27B1FBF80029A19D /* BunniesHop */,
			);
		};
/* End PBXProject section */

/* Begin PBXResourcesBuildPhase section */
		6C9CD6D927B1FBF80029A19D /* Resources */ = {
			isa = PBXResourcesBuildPhase;
			buildActionMask = 2147483647;
			files = (
				6C9CD6EB27B1FBFC0029A19D /* LaunchScreen.storyboard in Resources */,
				6C9CD6E827B1FBFC0029A19D /* Assets.xcassets in Resources */,
				6C9CD6E627B1FBF90029A19D /* Main.storyboard in Resources */,
			);
			runOnlyForDeploymentPostprocessing = 0;
		};
/* End PBXResourcesBuildPhase section */

/* Begin PBXSourcesBuildPhase section */
		6C9CD6D727B1FBF80029A19D /* Sources */ = {
			isa = PBXSourcesBuildPhase;
			buildActionMask = 2147483647;
			files = (
				6C9CD6E327B1FBF90029A19D /* ViewController.swift in Sources */,
				6C9CD6DF27B1FBF90029A19D /* AppDelegate.swift in Sources */,
				6C9CD6E127B1FBF90029A19D /* SceneDelegate.swift in Sources */,
			);
			runOnlyForDeploymentPostprocessing = 0;
		};
/* End PBXSourcesBuildPhase section */

/* Begin PBXVariantGroup section */
		6C9CD6E427B1FBF90029A19D /* Main.storyboard */ = {
			isa = PBXVariantGroup;
			children = (
				6C9CD6E527B1FBF90029A19D /* Base */,
			);
			name = Main.storyboard;
			sourceTree = "<group>";
		};
		6C9CD6E927B1FBFC0029A19D /* LaunchScreen.storyboard */ = {
			isa = PBXVariantGroup;
			children = (
				6C9CD6EA27B1FBFC0029A19D /* Base */,
			);
			name = LaunchScreen.storyboard;
			sourceTree = "<group>";
		};
/* End PBXVariantGroup section */

/* Begin XCBuildConfiguration section */
		6C9CD6ED27B1FBFC0029A19D /* Debug */ = {
			isa = XCBuildConfiguration;
			buildSettings = {
				ALWAYS_SEARCH_USER_PATHS = NO;
				CLANG_ANALYZER_NONNULL = YES;
				CLANG_ANALYZER_NUMBER_OBJECT_CONVERSION = YES_AGGRESSIVE;
				CLANG_CXX_LANGUAGE_STANDARD = "gnu++14";
				CLANG_CXX_LIBRARY = "libc++";
				CLANG_ENABLE_MODULES = YES;
				CLANG_ENABLE_OBJC_ARC = YES;
				CLANG_ENABLE_OBJC_WEAK = YES;
				CLANG_WARN_BLOCK_CAPTURE_AUTORELEASING = YES;
				CLANG_WARN_BOOL_CONVERSION = YES;
				CLANG_WARN_COMMA = YES;
				CLANG_WARN_CONSTANT_CONVERSION = YES;
				CLANG_WARN_DEPRECATED_OBJC_IMPLEMENTATIONS = YES;
				CLANG_WARN_DIRECT_OBJC_ISA_USAGE = YES_ERROR;
				CLANG_WARN_DOCUMENTATION_COMMENTS = YES;
				CLANG_WARN_EMPTY_BODY = YES;
				CLANG_WARN_ENUM_CONVERSION = YES;
				CLANG_WARN_INFINITE_RECURSION = YES;
				CLANG_WARN_INT_CONVERSION = YES;
				CLANG_WARN_NON_LITERAL_NULL_CONVERSION = YES;
				CLANG_WARN_OBJC_IMPLICIT_RETAIN_SELF = YES;
				CLANG_WARN_OBJC_LITERAL_CONVERSION = YES;
				CLANG_WARN_OBJC_ROOT_CLASS = YES_ERROR;
				CLANG_WARN_QUOTED_INCLUDE_IN_FRAMEWORK_HEADER = YES;
				CLANG_WARN_RANGE_LOOP_ANALYSIS = YES;
				CLANG_WARN_STRICT_PROTOTYPES = YES;
				CLANG_WARN_SUSPICIOUS_MOVE = YES;
				CLANG_WARN_UNGUARDED_AVAILABILITY = YES_AGGRESSIVE;
				CLANG_WARN_UNREACHABLE_CODE = YES;
				CLANG_WARN__DUPLICATE_METHOD_MATCH = YES;
				COPY_PHASE_STRIP = NO;
				DEBUG_INFORMATION_FORMAT = dwarf;
				ENABLE_STRICT_OBJC_MSGSEND = YES;
				ENABLE_TESTABILITY = YES;
				GCC_C_LANGUAGE_STANDARD = gnu11;
				GCC_DYNAMIC_NO_PIC = NO;
				GCC_NO_COMMON_BLOCKS = YES;
				GCC_OPTIMIZATION_LEVEL = 0;
				GCC_PREPROCESSOR_DEFINITIONS = (
					"DEBUG=1",
					"$(inherited)",
				);
				GCC_WARN_64_TO_32_BIT_CONVERSION = YES;
				GCC_WARN_ABOUT_RETURN_TYPE = YES_ERROR;
				GCC_WARN_UNDECLARED_SELECTOR = YES;
				GCC_WARN_UNINITIALIZED_AUTOS = YES_AGGRESSIVE;
				GCC_WARN_UNUSED_FUNCTION = YES;
				GCC_WARN_UNUSED_VARIABLE = YES;
				IPHONEOS_DEPLOYMENT_TARGET = 14.3;
				MTL_ENABLE_DEBUG_INFO = INCLUDE_SOURCE;
				MTL_FAST_MATH = YES;
				ONLY_ACTIVE_ARCH = YES;
				SDKROOT = iphoneos;
				SWIFT_ACTIVE_COMPILATION_CONDITIONS = DEBUG;
				SWIFT_OPTIMIZATION_LEVEL = "-Onone";
			};
			name = Debug;
		};
		6C9CD6EE27B1FBFC0029A19D /* Release */ = {
			isa = XCBuildConfiguration;
			buildSettings = {
				ALWAYS_SEARCH_USER_PATHS = NO;
				CLANG_ANALYZER_NONNULL = YES;
				CLANG_ANALYZER_NUMBER_OBJECT_CONVERSION = YES_AGGRESSIVE;
				CLANG_CXX_LANGUAGE_STANDARD = "gnu++14";
				CLANG_CXX_LIBRARY = "libc++";
				CLANG_ENABLE_MODULES = YES;
				CLANG_ENABLE_OBJC_ARC = YES;
				CLANG_ENABLE_OBJC_WEAK = YES;
				CLANG_WARN_BLOCK_CAPTURE_AUTORELEASING = YES;
				CLANG_WARN_BOOL_CONVERSION = YES;
				CLANG_WARN_COMMA = YES;
				CLANG_WARN_CONSTANT_CONVERSION = YES;
				CLANG_WARN_DEPRECATED_OBJC_IMPLEMENTATIONS = YES;
				CLANG_WARN_DIRECT_OBJC_ISA_USAGE = YES_ERROR;
				CLANG_WARN_DOCUMENTATION_COMMENTS = YES;
				CLANG_WARN_EMPTY_BODY = YES;
				CLANG_WARN_ENUM_CONVERSION = YES;
				CLANG_WARN_INFINITE_RECURSION = YES;
				CLANG_WARN_INT_CONVERSION = YES;
				CLANG_WARN_NON_LITERAL_NULL_CONVERSION = YES;
				CLANG_WARN_OBJC_IMPLICIT_RETAIN_SELF = YES;
				CLANG_WARN_OBJC_LITERAL_CONVERSION = YES;
				CLANG_WARN_OBJC_ROOT_CLASS = YES_ERROR;
				CLANG_WARN_QUOTED_INCLUDE_IN_FRAMEWORK_HEADER = YES;
				CLANG_WARN_RANGE_LOOP_ANALYSIS = YES;
				CLANG_WARN_STRICT_PROTOTYPES = YES;
				CLANG_WARN_SUSPICIOUS_MOVE = YES;
				CLANG_WARN_UNGUARDED_AVAILABILITY = YES_AGGRESSIVE;
				CLANG_WARN_UNREACHABLE_CODE = YES;
				CLANG_WARN__DUPLICATE_METHOD_MATCH = YES;
				COPY_PHASE_STRIP = NO;
				DEBUG_INFORMATION_FORMAT = "dwarf-with-dsym";
				ENABLE_NS_ASSERTIONS = NO;
				ENABLE_STRICT_OBJC_MSGSEND = YES;
				GCC_C_LANGUAGE_STANDARD = gnu11;
				GCC_NO_COMMON_BLOCKS = YES;
				GCC_WARN_64_TO_32_BIT_CONVERSION = YES;
				GCC_WARN_ABOUT_RETURN_TYPE = YES_ERROR;
				GCC_WARN_UNDECLARED_SELECTOR = YES;
				GCC_WARN_UNINITIALIZED_AUTOS = YES_AGGRESSIVE;
				GCC_WARN_UNUSED_FUNCTION = YES;
				GCC_WARN_UNUSED_VARIABLE = YES;
				IPHONEOS_DEPLOYMENT_TARGET = 14.3;
				MTL_ENABLE_DEBUG_INFO = NO;
				MTL_FAST_MATH = YES;
				SDKROOT = iphoneos;
				SWIFT_COMPILATION_MODE = wholemodule;
				SWIFT_OPTIMIZATION_LEVEL = "-O";
				VALIDATE_PRODUCT = YES;
			};
			name = Release;
		};
		6C9CD6F027B1FBFC0029A19D /* Debug */ = {
			isa = XCBuildConfiguration;
			buildSettings = {
				ASSETCATALOG_COMPILER_APPICON_NAME = AppIcon;
				ASSETCATALOG_COMPILER_GLOBAL_ACCENT_COLOR_NAME = AccentColor;
				CODE_SIGN_STYLE = Automatic;
				INFOPLIST_FILE = BunniesHop/Info.plist;
				LD_RUNPATH_SEARCH_PATHS = (
					"$(inherited)",
					"@executable_path/Frameworks",
				);
				PRODUCT_BUNDLE_IDENTIFIER = okc.BunniesHop;
				PRODUCT_NAME = "$(TARGET_NAME)";
				SWIFT_VERSION = 5.0;
				TARGETED_DEVICE_FAMILY = "1,2";
			};
			name = Debug;
		};
		6C9CD6F127B1FBFC0029A19D /* Release */ = {
			isa = XCBuildConfiguration;
			buildSettings = {
				ASSETCATALOG_COMPILER_APPICON_NAME = AppIcon;
				ASSETCATALOG_COMPILER_GLOBAL_ACCENT_COLOR_NAME = AccentColor;
				CODE_SIGN_STYLE = Automatic;
				INFOPLIST_FILE = BunniesHop/Info.plist;
				LD_RUNPATH_SEARCH_PATHS = (
					"$(inherited)",
					"@executable_path/Frameworks",
				);
				PRODUCT_BUNDLE_IDENTIFIER = okc.BunniesHop;
				PRODUCT_NAME = "$(TARGET_NAME)";
				SWIFT_VERSION = 5.0;
				TARGETED_DEVICE_FAMILY = "1,2";
			};
			name = Release;
		};
/* End XCBuildConfiguration section */

/* Begin XCConfigurationList section */
		6C9CD6D627B1FBF80029A19D /* Build configuration list for PBXProject "BunniesHop" */ = {
			isa = XCConfigurationList;
			buildConfigurations = (
				6C9CD6ED27B1FBFC0029A19D /* Debug */,
				6C9CD6EE27B1FBFC0029A19D /* Release */,
			);
			defaultConfigurationIsVisible = 0;
			defaultConfigurationName = Release;
		};
		6C9CD6EF27B1FBFC0029A19D /* Build configuration list for PBXNativeTarget "BunniesHop" */ = {
			isa = XCConfigurationList;
			buildConfigurations = (
				6C9CD6F027B1FBFC0029A19D /* Debug */,
				6C9CD6F127B1FBFC0029A19D /* Release */,
			);
			defaultConfigurationIsVisible = 0;
			defaultConfigurationName = Release;
		};
/* End XCConfigurationList section */
	};
	rootObject = 6C9CD6D327B1FBF80029A19D /* Project object */;
}
